
Microsoft Visual Studio Solution File, Format Version 12.00
# Visual Studio 15
VisualStudioVersion = 15.0.28010.2048
MinimumVisualStudioVersion = 10.0.40219.1
Project("{FAE04EC0-301F-11D3-BF4B-00C04F79EFBC}") = "GoogleNotifier", "GoogleNotifier\GoogleNotifier.csproj", "{1E321DD2-5E58-4E08-8AD6-4D10CC841B51}"
EndProject
Global
	GlobalSection(SolutionConfigurationPlatforms) = preSolution
		Debug|Any CPU = Debug|Any CPU
		Release|Any CPU = Release|Any CPU
	EndGlobalSection
	GlobalSection(ProjectConfigurationPlatforms) = postSolution
		{1E321DD2-5E58-4E08-8AD6-4D10CC841B51}.Debug|Any CPU.ActiveCfg = Debug|Any CPU
		{1E321DD2-5E58-4E08-8AD6-4D10CC841B51}.Debug|Any CPU.Build.0 = Debug|Any CPU
		{1E321DD2-5E58-4E08-8AD6-4D10CC841B51}.Release|Any CPU.ActiveCfg = Release|Any CPU
		{1E321DD2-5E58-4E08-8AD6-4D10CC841B51}.Release|Any CPU.Build.0 = Release|Any CPU
	EndGlobalSection
	GlobalSection(SolutionProperties) = preSolution
		HideSolutionNode = FALSE
	EndGlobalSection
	GlobalSection(ExtensibilityGlobals) = postSolution
		SolutionGuid = {0C778DE8-D871-4391-BD0F-50B9A9043EA7}
	EndGlobalSection
EndGlobal
